
Microsoft Visual Studio Solution File, Format Version 12.00
# Visual Studio 15
Project("{FAE04EC0-301F-11D3-BF4B-00C04F79EFBC}") = "Zenject", "Zenject.csproj", "{D82EF6F3-24F0-C9BE-CE9C-5C7599CFB9CE}"
EndProject
Project("{FAE04EC0-301F-11D3-BF4B-00C04F79EFBC}") = "Zenject-IntegrationTests-Editor", "Zenject-IntegrationTests-Editor.csproj", "{2E2D9B98-DD41-45A1-7FC6-979E0575B341}"
EndProject
Project("{FAE04EC0-301F-11D3-BF4B-00C04F79EFBC}") = "Zenject-IntegrationTests", "Zenject-IntegrationTests.csproj", "{5CF99B8B-89E9-940B-6AFF-9380F906E150}"
EndProject
Project("{FAE04EC0-301F-11D3-BF4B-00C04F79EFBC}") = "Assembly-CSharp", "Assembly-CSharp.csproj", "{B9C86592-B8FD-7CF1-7846-E160E1292D18}"
EndProject
Project("{FAE04EC0-301F-11D3-BF4B-00C04F79EFBC}") = "Zenject-PoolMonitor-Editor", "Zenject-PoolMonitor-Editor.csproj", "{48581FA7-27F9-7186-37E4-5BCEDE8E1A50}"
EndProject
Project("{FAE04EC0-301F-11D3-BF4B-00C04F79EFBC}") = "Zenject-UnitTests-Editor", "Zenject-UnitTests-Editor.csproj", "{07F269E3-EEC1-15E4-2F6D-7F3F69F4CE76}"
EndProject
Project("{FAE04EC0-301F-11D3-BF4B-00C04F79EFBC}") = "Zenject-ReflectionBaking-Editor", "Zenject-ReflectionBaking-Editor.csproj", "{A758ECA3-E746-D33E-8E07-EAAF679BFAA6}"
EndProject
Project("{FAE04EC0-301F-11D3-BF4B-00C04F79EFBC}") = "Zenject-TestFramework", "Zenject-TestFramework.csproj", "{E760BABA-5A3E-B4AF-F4F2-062D98486FC9}"
EndProject
Project("{FAE04EC0-301F-11D3-BF4B-00C04F79EFBC}") = "Zenject-Editor", "Zenject-Editor.csproj", "{BF41A5BF-4876-9A69-0B18-28A09336BE30}"
EndProject
Global
	GlobalSection(SolutionConfigurationPlatforms) = preSolution
		Debug|Any CPU = Debug|Any CPU
		Release|Any CPU = Release|Any CPU
	EndGlobalSection
	GlobalSection(ProjectConfigurationPlatforms) = postSolution
		{D82EF6F3-24F0-C9BE-CE9C-5C7599CFB9CE}.Debug|Any CPU.ActiveCfg = Debug|Any CPU
		{D82EF6F3-24F0-C9BE-CE9C-5C7599CFB9CE}.Debug|Any CPU.Build.0 = Debug|Any CPU
		{D82EF6F3-24F0-C9BE-CE9C-5C7599CFB9CE}.Release|Any CPU.ActiveCfg = Release|Any CPU
		{D82EF6F3-24F0-C9BE-CE9C-5C7599CFB9CE}.Release|Any CPU.Build.0 = Release|Any CPU
		{2E2D9B98-DD41-45A1-7FC6-979E0575B341}.Debug|Any CPU.ActiveCfg = Debug|Any CPU
		{2E2D9B98-DD41-45A1-7FC6-979E0575B341}.Debug|Any CPU.Build.0 = Debug|Any CPU
		{2E2D9B98-DD41-45A1-7FC6-979E0575B341}.Release|Any CPU.ActiveCfg = Release|Any CPU
		{2E2D9B98-DD41-45A1-7FC6-979E0575B341}.Release|Any CPU.Build.0 = Release|Any CPU
		{5CF99B8B-89E9-940B-6AFF-9380F906E150}.Debug|Any CPU.ActiveCfg = Debug|Any CPU
		{5CF99B8B-89E9-940B-6AFF-9380F906E150}.Debug|Any CPU.Build.0 = Debug|Any CPU
		{5CF99B8B-89E9-940B-6AFF-9380F906E150}.Release|Any CPU.ActiveCfg = Release|Any CPU
		{5CF99B8B-89E9-940B-6AFF-9380F906E150}.Release|Any CPU.Build.0 = Release|Any CPU
		{B9C86592-B8FD-7CF1-7846-E160E1292D18}.Debug|Any CPU.ActiveCfg = Debug|Any CPU
		{B9C86592-B8FD-7CF1-7846-E160E1292D18}.Debug|Any CPU.Build.0 = Debug|Any CPU
		{B9C86592-B8FD-7CF1-7846-E160E1292D18}.Release|Any CPU.ActiveCfg = Release|Any CPU
		{B9C86592-B8FD-7CF1-7846-E160E1292D18}.Release|Any CPU.Build.0 = Release|Any CPU
		{48581FA7-27F9-7186-37E4-5BCEDE8E1A50}.Debug|Any CPU.ActiveCfg = Debug|Any CPU
		{48581FA7-27F9-7186-37E4-5BCEDE8E1A50}.Debug|Any CPU.Build.0 = Debug|Any CPU
		{48581FA7-27F9-7186-37E4-5BCEDE8E1A50}.Release|Any CPU.ActiveCfg = Release|Any CPU
		{48581FA7-27F9-7186-37E4-5BCEDE8E1A50}.Release|Any CPU.Build.0 = Release|Any CPU
		{07F269E3-EEC1-15E4-2F6D-7F3F69F4CE76}.Debug|Any CPU.ActiveCfg = Debug|Any CPU
		{07F269E3-EEC1-15E4-2F6D-7F3F69F4CE76}.Debug|Any CPU.Build.0 = Debug|Any CPU
		{07F269E3-EEC1-15E4-2F6D-7F3F69F4CE76}.Release|Any CPU.ActiveCfg = Release|Any CPU
		{07F269E3-EEC1-15E4-2F6D-7F3F69F4CE76}.Release|Any CPU.Build.0 = Release|Any CPU
		{A758ECA3-E746-D33E-8E07-EAAF679BFAA6}.Debug|Any CPU.ActiveCfg = Debug|Any CPU
		{A758ECA3-E746-D33E-8E07-EAAF679BFAA6}.Debug|Any CPU.Build.0 = Debug|Any CPU
		{A758ECA3-E746-D33E-8E07-EAAF679BFAA6}.Release|Any CPU.ActiveCfg = Release|Any CPU
		{A758ECA3-E746-D33E-8E07-EAAF679BFAA6}.Release|Any CPU.Build.0 = Release|Any CPU
		{E760BABA-5A3E-B4AF-F4F2-062D98486FC9}.Debug|Any CPU.ActiveCfg = Debug|Any CPU
		{E760BABA-5A3E-B4AF-F4F2-062D98486FC9}.Debug|Any CPU.Build.0 = Debug|Any CPU
		{E760BABA-5A3E-B4AF-F4F2-062D98486FC9}.Release|Any CPU.ActiveCfg = Release|Any CPU
		{E760BABA-5A3E-B4AF-F4F2-062D98486FC9}.Release|Any CPU.Build.0 = Release|Any CPU
		{BF41A5BF-4876-9A69-0B18-28A09336BE30}.Debug|Any CPU.ActiveCfg = Debug|Any CPU
		{BF41A5BF-4876-9A69-0B18-28A09336BE30}.Debug|Any CPU.Build.0 = Debug|Any CPU
		{BF41A5BF-4876-9A69-0B18-28A09336BE30}.Release|Any CPU.ActiveCfg = Release|Any CPU
		{BF41A5BF-4876-9A69-0B18-28A09336BE30}.Release|Any CPU.Build.0 = Release|Any CPU
	EndGlobalSection
	GlobalSection(SolutionProperties) = preSolution
		HideSolutionNode = FALSE
	EndGlobalSection
EndGlobal
