
Microsoft Visual Studio Solution File, Format Version 12.00
# Visual Studio 15
Project("{FAE04EC0-301F-11D3-BF4B-00C04F79EFBC}") = "Zenject", "Zenject.csproj", "{27245C2C-E9C2-F454-448C-FD69CC7A3E0D}"
EndProject
Project("{FAE04EC0-301F-11D3-BF4B-00C04F79EFBC}") = "Zenject-IntegrationTests-Editor", "Zenject-IntegrationTests-Editor.csproj", "{A3D97606-9EF3-1875-88F1-B955B4B8601A}"
EndProject
Project("{FAE04EC0-301F-11D3-BF4B-00C04F79EFBC}") = "Assembly-CSharp", "Assembly-CSharp.csproj", "{DA074567-5A73-1AEC-1544-D7F8D5C76B7E}"
EndProject
Project("{FAE04EC0-301F-11D3-BF4B-00C04F79EFBC}") = "Zenject-IntegrationTests", "Zenject-IntegrationTests.csproj", "{71E454B4-C18A-F34B-075F-BFEF4276633B}"
EndProject
Project("{FAE04EC0-301F-11D3-BF4B-00C04F79EFBC}") = "Zenject-PoolMonitor-Editor", "Zenject-PoolMonitor-Editor.csproj", "{04C8C554-C610-AA69-E7E6-9B9944525DEA}"
EndProject
Project("{FAE04EC0-301F-11D3-BF4B-00C04F79EFBC}") = "Zenject-UnitTests-Editor", "Zenject-UnitTests-Editor.csproj", "{0FFC1E52-2CBC-9142-D38E-2A3A8FD4329B}"
EndProject
Project("{FAE04EC0-301F-11D3-BF4B-00C04F79EFBC}") = "Zenject-ReflectionBaking-Editor", "Zenject-ReflectionBaking-Editor.csproj", "{BDAD832F-5303-6CC4-6B06-7799BE865247}"
EndProject
Project("{FAE04EC0-301F-11D3-BF4B-00C04F79EFBC}") = "Zenject-TestFramework", "Zenject-TestFramework.csproj", "{829C8E38-6956-4167-4481-5D73C1BE7964}"
EndProject
Project("{FAE04EC0-301F-11D3-BF4B-00C04F79EFBC}") = "Zenject-Editor", "Zenject-Editor.csproj", "{1648CA57-B2DA-4578-1E3F-04B81DDA66E1}"
EndProject
Global
	GlobalSection(SolutionConfigurationPlatforms) = preSolution
		Debug|Any CPU = Debug|Any CPU
		Release|Any CPU = Release|Any CPU
	EndGlobalSection
	GlobalSection(ProjectConfigurationPlatforms) = postSolution
		{27245C2C-E9C2-F454-448C-FD69CC7A3E0D}.Debug|Any CPU.ActiveCfg = Debug|Any CPU
		{27245C2C-E9C2-F454-448C-FD69CC7A3E0D}.Debug|Any CPU.Build.0 = Debug|Any CPU
		{27245C2C-E9C2-F454-448C-FD69CC7A3E0D}.Release|Any CPU.ActiveCfg = Release|Any CPU
		{27245C2C-E9C2-F454-448C-FD69CC7A3E0D}.Release|Any CPU.Build.0 = Release|Any CPU
		{A3D97606-9EF3-1875-88F1-B955B4B8601A}.Debug|Any CPU.ActiveCfg = Debug|Any CPU
		{A3D97606-9EF3-1875-88F1-B955B4B8601A}.Debug|Any CPU.Build.0 = Debug|Any CPU
		{A3D97606-9EF3-1875-88F1-B955B4B8601A}.Release|Any CPU.ActiveCfg = Release|Any CPU
		{A3D97606-9EF3-1875-88F1-B955B4B8601A}.Release|Any CPU.Build.0 = Release|Any CPU
		{DA074567-5A73-1AEC-1544-D7F8D5C76B7E}.Debug|Any CPU.ActiveCfg = Debug|Any CPU
		{DA074567-5A73-1AEC-1544-D7F8D5C76B7E}.Debug|Any CPU.Build.0 = Debug|Any CPU
		{DA074567-5A73-1AEC-1544-D7F8D5C76B7E}.Release|Any CPU.ActiveCfg = Release|Any CPU
		{DA074567-5A73-1AEC-1544-D7F8D5C76B7E}.Release|Any CPU.Build.0 = Release|Any CPU
		{71E454B4-C18A-F34B-075F-BFEF4276633B}.Debug|Any CPU.ActiveCfg = Debug|Any CPU
		{71E454B4-C18A-F34B-075F-BFEF4276633B}.Debug|Any CPU.Build.0 = Debug|Any CPU
		{71E454B4-C18A-F34B-075F-BFEF4276633B}.Release|Any CPU.ActiveCfg = Release|Any CPU
		{71E454B4-C18A-F34B-075F-BFEF4276633B}.Release|Any CPU.Build.0 = Release|Any CPU
		{04C8C554-C610-AA69-E7E6-9B9944525DEA}.Debug|Any CPU.ActiveCfg = Debug|Any CPU
		{04C8C554-C610-AA69-E7E6-9B9944525DEA}.Debug|Any CPU.Build.0 = Debug|Any CPU
		{04C8C554-C610-AA69-E7E6-9B9944525DEA}.Release|Any CPU.ActiveCfg = Release|Any CPU
		{04C8C554-C610-AA69-E7E6-9B9944525DEA}.Release|Any CPU.Build.0 = Release|Any CPU
		{0FFC1E52-2CBC-9142-D38E-2A3A8FD4329B}.Debug|Any CPU.ActiveCfg = Debug|Any CPU
		{0FFC1E52-2CBC-9142-D38E-2A3A8FD4329B}.Debug|Any CPU.Build.0 = Debug|Any CPU
		{0FFC1E52-2CBC-9142-D38E-2A3A8FD4329B}.Release|Any CPU.ActiveCfg = Release|Any CPU
		{0FFC1E52-2CBC-9142-D38E-2A3A8FD4329B}.Release|Any CPU.Build.0 = Release|Any CPU
		{BDAD832F-5303-6CC4-6B06-7799BE865247}.Debug|Any CPU.ActiveCfg = Debug|Any CPU
		{BDAD832F-5303-6CC4-6B06-7799BE865247}.Debug|Any CPU.Build.0 = Debug|Any CPU
		{BDAD832F-5303-6CC4-6B06-7799BE865247}.Release|Any CPU.ActiveCfg = Release|Any CPU
		{BDAD832F-5303-6CC4-6B06-7799BE865247}.Release|Any CPU.Build.0 = Release|Any CPU
		{829C8E38-6956-4167-4481-5D73C1BE7964}.Debug|Any CPU.ActiveCfg = Debug|Any CPU
		{829C8E38-6956-4167-4481-5D73C1BE7964}.Debug|Any CPU.Build.0 = Debug|Any CPU
		{829C8E38-6956-4167-4481-5D73C1BE7964}.Release|Any CPU.ActiveCfg = Release|Any CPU
		{829C8E38-6956-4167-4481-5D73C1BE7964}.Release|Any CPU.Build.0 = Release|Any CPU
		{1648CA57-B2DA-4578-1E3F-04B81DDA66E1}.Debug|Any CPU.ActiveCfg = Debug|Any CPU
		{1648CA57-B2DA-4578-1E3F-04B81DDA66E1}.Debug|Any CPU.Build.0 = Debug|Any CPU
		{1648CA57-B2DA-4578-1E3F-04B81DDA66E1}.Release|Any CPU.ActiveCfg = Release|Any CPU
		{1648CA57-B2DA-4578-1E3F-04B81DDA66E1}.Release|Any CPU.Build.0 = Release|Any CPU
	EndGlobalSection
	GlobalSection(SolutionProperties) = preSolution
		HideSolutionNode = FALSE
	EndGlobalSection
EndGlobal
